
Microsoft Visual Studio Solution File, Format Version 12.00
# Visual Studio Version 16
VisualStudioVersion = 16.0.29318.209
MinimumVisualStudioVersion = 10.0.40219.1
Project("{9A19103F-16F7-4668-BE54-9A1E7A4F7556}") = "app", "app\app.csproj", "{40AC4A95-1724-4DDC-AE55-9E541A02E2C1}"
EndProject
Project("{9A19103F-16F7-4668-BE54-9A1E7A4F7556}") = "test", "test\test.csproj", "{302F2CC3-2134-44F7-BCD0-93AB0BA9948E}"
EndProject
Global
	GlobalSection(SolutionConfigurationPlatforms) = preSolution
		Debug|Any CPU = Debug|Any CPU
		Release|Any CPU = Release|Any CPU
	EndGlobalSection
	GlobalSection(ProjectConfigurationPlatforms) = postSolution
		{40AC4A95-1724-4DDC-AE55-9E541A02E2C1}.Debug|Any CPU.ActiveCfg = Debug|Any CPU
		{40AC4A95-1724-4DDC-AE55-9E541A02E2C1}.Debug|Any CPU.Build.0 = Debug|Any CPU
		{40AC4A95-1724-4DDC-AE55-9E541A02E2C1}.Release|Any CPU.ActiveCfg = Release|Any CPU
		{40AC4A95-1724-4DDC-AE55-9E541A02E2C1}.Release|Any CPU.Build.0 = Release|Any CPU
		{302F2CC3-2134-44F7-BCD0-93AB0BA9948E}.Debug|Any CPU.ActiveCfg = Debug|Any CPU
		{302F2CC3-2134-44F7-BCD0-93AB0BA9948E}.Debug|Any CPU.Build.0 = Debug|Any CPU
		{302F2CC3-2134-44F7-BCD0-93AB0BA9948E}.Release|Any CPU.ActiveCfg = Release|Any CPU
		{302F2CC3-2134-44F7-BCD0-93AB0BA9948E}.Release|Any CPU.Build.0 = Release|Any CPU
	EndGlobalSection
	GlobalSection(SolutionProperties) = preSolution
		HideSolutionNode = FALSE
	EndGlobalSection
	GlobalSection(ExtensibilityGlobals) = postSolution
		SolutionGuid = {FE167D05-5B76-463D-9DF4-EA9DB3901CD1}
	EndGlobalSection
EndGlobal
