{
  "name": "cra-antd-x",
  "version": "0.3.0",
  "lockfileVersion": 1,
  "requires": true,
  "dependencies": {
    "jest-dom": {
      "version": "4.0.0",
      "resolved": "https://registry.npmjs.org/jest-dom/-/jest-dom-4.0.0.tgz",
      "integrity": "sha512-gBxYZlZB1Jgvf2gP2pRfjjUWF8woGBHj/g5rAQgFPB/0K2atGuhVcPO+BItyjWeKg9zM+dokgcMOH01vrWVMFA==",
      "dev": true
    }
  }
}
