
Microsoft Visual Studio Solution File, Format Version 12.00
# Visual Studio Version 16
VisualStudioVersion = 16.0.29709.97
MinimumVisualStudioVersion = 10.0.40219.1
Project("{9A19103F-16F7-4668-BE54-9A1E7A4F7556}") = "test", "test\test.csproj", "{20F47ABA-B776-4593-80E5-990D7EA812CA}"
EndProject
Project("{9A19103F-16F7-4668-BE54-9A1E7A4F7556}") = "glow.core", "core\glow.core.csproj", "{263C679A-8797-43F0-8EC3-0EB4AD0242B3}"
EndProject
Project("{9A19103F-16F7-4668-BE54-9A1E7A4F7556}") = "sample.cs", "sample.cs\sample.cs.csproj", "{0A454D6E-C8C0-4046-ADFC-B13D9750C936}"
EndProject
Project("{FAE04EC0-301F-11D3-BF4B-00C04F79EFBC}") = "glow.azdo", "glow.azdo\glow.azdo.csproj", "{D9028C3E-626B-40D6-B84C-3B22774BC4EB}"
EndProject
Project("{FAE04EC0-301F-11D3-BF4B-00C04F79EFBC}") = "glow.azure", "glow.azure\glow.azure.csproj", "{5AD08054-3BCB-403D-B655-D318D65AE7A5}"
EndProject
Project("{FAE04EC0-301F-11D3-BF4B-00C04F79EFBC}") = "glow.beta", "glow.beta\glow.beta.csproj", "{0AEF6E74-C4CF-4230-AD58-4805AB2C684D}"
EndProject
Project("{F2A71F9B-5D33-465A-A702-920D77279786}") = "sample.fs", "sample.fs\sample.fs.fsproj", "{6B0EF368-ACDE-4754-A7B1-0597FA73F622}"
EndProject
Project("{FAE04EC0-301F-11D3-BF4B-00C04F79EFBC}") = "glow.ts", "glow.ts\glow.ts.csproj", "{6962C679-69FA-4B0C-B4DE-D5F6BEB0F674}"
EndProject
Project("{FAE04EC0-301F-11D3-BF4B-00C04F79EFBC}") = "glow.meta", "glow.meta\glow.meta.csproj", "{AFD46A33-E493-4BC4-9EA0-200CFC7A7992}"
EndProject
Project("{F2A71F9B-5D33-465A-A702-920D77279786}") = "glow.ts.fs", "glow.ts.fs\glow.ts.fs.fsproj", "{A9AC0780-1D1D-4668-896D-32D55DD6B474}"
EndProject
Project("{F2A71F9B-5D33-465A-A702-920D77279786}") = "glow.meta.test", "glow.meta.test\glow.meta.test.fsproj", "{FC9D6287-5A4A-4184-902C-9091E6E52D15}"
EndProject
Project("{F2A71F9B-5D33-465A-A702-920D77279786}") = "fsharp.experiments", "fsharp.experiments\fsharp.experiments.fsproj", "{68E80A7A-3C8F-49FD-94E8-6EF00328D004}"
EndProject
Project("{F2A71F9B-5D33-465A-A702-920D77279786}") = "glow.core.fs", "glow.core.fs\glow.core.fs.fsproj", "{1EFEA4D5-A76C-4F82-8CF8-4F2E35DDEA3C}"
EndProject
Project("{F2A71F9B-5D33-465A-A702-920D77279786}") = "marten.stj", "samples\marten.stj\marten.stj.fsproj", "{59FDEEB4-91FE-49E9-89BC-68800F8FA2A0}"
EndProject
Project("{F2A71F9B-5D33-465A-A702-920D77279786}") = "treasure-island.fs", "samples\treasure-island.fs\treasure-island.fs.fsproj", "{C9773040-6BF8-46E4-A180-D554F7753F3B}"
EndProject

Global
	GlobalSection(SolutionConfigurationPlatforms) = preSolution
		Debug|Any CPU = Debug|Any CPU
		Release|Any CPU = Release|Any CPU
	EndGlobalSection
	GlobalSection(ProjectConfigurationPlatforms) = postSolution
		{20F47ABA-B776-4593-80E5-990D7EA812CA}.Debug|Any CPU.ActiveCfg = Debug|Any CPU
		{20F47ABA-B776-4593-80E5-990D7EA812CA}.Debug|Any CPU.Build.0 = Debug|Any CPU
		{20F47ABA-B776-4593-80E5-990D7EA812CA}.Release|Any CPU.ActiveCfg = Release|Any CPU
		{20F47ABA-B776-4593-80E5-990D7EA812CA}.Release|Any CPU.Build.0 = Release|Any CPU
		{263C679A-8797-43F0-8EC3-0EB4AD0242B3}.Debug|Any CPU.ActiveCfg = Debug|Any CPU
		{263C679A-8797-43F0-8EC3-0EB4AD0242B3}.Debug|Any CPU.Build.0 = Debug|Any CPU
		{263C679A-8797-43F0-8EC3-0EB4AD0242B3}.Release|Any CPU.ActiveCfg = Release|Any CPU
		{263C679A-8797-43F0-8EC3-0EB4AD0242B3}.Release|Any CPU.Build.0 = Release|Any CPU
		{0A454D6E-C8C0-4046-ADFC-B13D9750C936}.Debug|Any CPU.ActiveCfg = Debug|Any CPU
		{0A454D6E-C8C0-4046-ADFC-B13D9750C936}.Debug|Any CPU.Build.0 = Debug|Any CPU
		{0A454D6E-C8C0-4046-ADFC-B13D9750C936}.Release|Any CPU.ActiveCfg = Release|Any CPU
		{0A454D6E-C8C0-4046-ADFC-B13D9750C936}.Release|Any CPU.Build.0 = Release|Any CPU
		{D9028C3E-626B-40D6-B84C-3B22774BC4EB}.Debug|Any CPU.ActiveCfg = Debug|Any CPU
		{D9028C3E-626B-40D6-B84C-3B22774BC4EB}.Debug|Any CPU.Build.0 = Debug|Any CPU
		{D9028C3E-626B-40D6-B84C-3B22774BC4EB}.Release|Any CPU.ActiveCfg = Release|Any CPU
		{D9028C3E-626B-40D6-B84C-3B22774BC4EB}.Release|Any CPU.Build.0 = Release|Any CPU
		{5AD08054-3BCB-403D-B655-D318D65AE7A5}.Debug|Any CPU.ActiveCfg = Debug|Any CPU
		{5AD08054-3BCB-403D-B655-D318D65AE7A5}.Debug|Any CPU.Build.0 = Debug|Any CPU
		{5AD08054-3BCB-403D-B655-D318D65AE7A5}.Release|Any CPU.ActiveCfg = Release|Any CPU
		{5AD08054-3BCB-403D-B655-D318D65AE7A5}.Release|Any CPU.Build.0 = Release|Any CPU
		{0AEF6E74-C4CF-4230-AD58-4805AB2C684D}.Debug|Any CPU.ActiveCfg = Debug|Any CPU
		{0AEF6E74-C4CF-4230-AD58-4805AB2C684D}.Debug|Any CPU.Build.0 = Debug|Any CPU
		{0AEF6E74-C4CF-4230-AD58-4805AB2C684D}.Release|Any CPU.ActiveCfg = Release|Any CPU
		{0AEF6E74-C4CF-4230-AD58-4805AB2C684D}.Release|Any CPU.Build.0 = Release|Any CPU
		{6B0EF368-ACDE-4754-A7B1-0597FA73F622}.Debug|Any CPU.ActiveCfg = Debug|Any CPU
		{6B0EF368-ACDE-4754-A7B1-0597FA73F622}.Debug|Any CPU.Build.0 = Debug|Any CPU
		{6B0EF368-ACDE-4754-A7B1-0597FA73F622}.Release|Any CPU.ActiveCfg = Release|Any CPU
		{6B0EF368-ACDE-4754-A7B1-0597FA73F622}.Release|Any CPU.Build.0 = Release|Any CPU
		{6962C679-69FA-4B0C-B4DE-D5F6BEB0F674}.Debug|Any CPU.ActiveCfg = Debug|Any CPU
		{6962C679-69FA-4B0C-B4DE-D5F6BEB0F674}.Debug|Any CPU.Build.0 = Debug|Any CPU
		{6962C679-69FA-4B0C-B4DE-D5F6BEB0F674}.Release|Any CPU.ActiveCfg = Release|Any CPU
		{6962C679-69FA-4B0C-B4DE-D5F6BEB0F674}.Release|Any CPU.Build.0 = Release|Any CPU
		{AFD46A33-E493-4BC4-9EA0-200CFC7A7992}.Debug|Any CPU.ActiveCfg = Debug|Any CPU
		{AFD46A33-E493-4BC4-9EA0-200CFC7A7992}.Debug|Any CPU.Build.0 = Debug|Any CPU
		{AFD46A33-E493-4BC4-9EA0-200CFC7A7992}.Release|Any CPU.ActiveCfg = Release|Any CPU
		{AFD46A33-E493-4BC4-9EA0-200CFC7A7992}.Release|Any CPU.Build.0 = Release|Any CPU

		{A9AC0780-1D1D-4668-896D-32D55DD6B474}.Debug|Any CPU.ActiveCfg = Debug|Any CPU
		{A9AC0780-1D1D-4668-896D-32D55DD6B474}.Debug|Any CPU.Build.0 = Debug|Any CPU
		{A9AC0780-1D1D-4668-896D-32D55DD6B474}.Release|Any CPU.ActiveCfg = Release|Any CPU
		{A9AC0780-1D1D-4668-896D-32D55DD6B474}.Release|Any CPU.Build.0 = Release|Any CPU
		{FC9D6287-5A4A-4184-902C-9091E6E52D15}.Debug|Any CPU.ActiveCfg = Debug|Any CPU
		{FC9D6287-5A4A-4184-902C-9091E6E52D15}.Debug|Any CPU.Build.0 = Debug|Any CPU
		{FC9D6287-5A4A-4184-902C-9091E6E52D15}.Release|Any CPU.ActiveCfg = Release|Any CPU
		{FC9D6287-5A4A-4184-902C-9091E6E52D15}.Release|Any CPU.Build.0 = Release|Any CPU
		{68E80A7A-3C8F-49FD-94E8-6EF00328D004}.Debug|Any CPU.ActiveCfg = Debug|Any CPU
		{68E80A7A-3C8F-49FD-94E8-6EF00328D004}.Debug|Any CPU.Build.0 = Debug|Any CPU
		{68E80A7A-3C8F-49FD-94E8-6EF00328D004}.Release|Any CPU.ActiveCfg = Release|Any CPU
		{68E80A7A-3C8F-49FD-94E8-6EF00328D004}.Release|Any CPU.Build.0 = Release|Any CPU

		{1EFEA4D5-A76C-4F82-8CF8-4F2E35DDEA3C}.Debug|Any CPU.ActiveCfg = Debug|Any CPU
		{1EFEA4D5-A76C-4F82-8CF8-4F2E35DDEA3C}.Debug|Any CPU.Build.0 = Debug|Any CPU
		{1EFEA4D5-A76C-4F82-8CF8-4F2E35DDEA3C}.Release|Any CPU.ActiveCfg = Release|Any CPU
		{1EFEA4D5-A76C-4F82-8CF8-4F2E35DDEA3C}.Release|Any CPU.Build.0 = Release|Any CPU
		{59FDEEB4-91FE-49E9-89BC-68800F8FA2A0}.Debug|Any CPU.ActiveCfg = Debug|Any CPU
		{59FDEEB4-91FE-49E9-89BC-68800F8FA2A0}.Debug|Any CPU.Build.0 = Debug|Any CPU
		{59FDEEB4-91FE-49E9-89BC-68800F8FA2A0}.Release|Any CPU.ActiveCfg = Release|Any CPU
		{59FDEEB4-91FE-49E9-89BC-68800F8FA2A0}.Release|Any CPU.Build.0 = Release|Any CPU
		{C9773040-6BF8-46E4-A180-D554F7753F3B}.Debug|Any CPU.ActiveCfg = Debug|Any CPU
		{C9773040-6BF8-46E4-A180-D554F7753F3B}.Debug|Any CPU.Build.0 = Debug|Any CPU
		{C9773040-6BF8-46E4-A180-D554F7753F3B}.Release|Any CPU.ActiveCfg = Release|Any CPU
		{C9773040-6BF8-46E4-A180-D554F7753F3B}.Release|Any CPU.Build.0 = Release|Any CPU
		{452A0FDB-BA88-4F71-9724-CC8EFABF92A5}.Debug|Any CPU.ActiveCfg = Debug|Any CPU
		{452A0FDB-BA88-4F71-9724-CC8EFABF92A5}.Debug|Any CPU.Build.0 = Debug|Any CPU
		{452A0FDB-BA88-4F71-9724-CC8EFABF92A5}.Release|Any CPU.ActiveCfg = Release|Any CPU
		{452A0FDB-BA88-4F71-9724-CC8EFABF92A5}.Release|Any CPU.Build.0 = Release|Any CPU

	EndGlobalSection
	GlobalSection(SolutionProperties) = preSolution
		HideSolutionNode = FALSE
	EndGlobalSection
	GlobalSection(ExtensibilityGlobals) = postSolution
		SolutionGuid = {B24D52DC-3BAD-4AA3-8EC2-FB51E964304F}
	EndGlobalSection
EndGlobal
